// !$*UTF8*$!
{
	archiveVersion = 1;
	classes = {
	};
	objectVersion = 56;
	objects = {

/* Begin PBXBuildFile section */
		8F97CF9C2A690D2A00C56F88 /* DLinkedListMain.c in Sources */ = {isa = PBXBuildFile; fileRef = 8F97CF9B2A690D2A00C56F88 /* DLinkedListMain.c */; };
		8FD282DC2A6A480300008388 /* Question04-2.c in Sources */ = {isa = PBXBuildFile; fileRef = 8FD282DB2A6A480300008388 /* Question04-2.c */; };
		8FD282DF2A6A532B00008388 /* DLinkedList.c in Sources */ = {isa = PBXBuildFile; fileRef = 8FD282DE2A6A532B00008388 /* DLinkedList.c */; };
/* End PBXBuildFile section */

/* Begin PBXCopyFilesBuildPhase section */
		8F97CF962A690D2A00C56F88 /* CopyFiles */ = {
			isa = PBXCopyFilesBuildPhase;
			buildActionMask = 2147483647;
			dstPath = /usr/share/man/man1/;
			dstSubfolderSpec = 0;
			files = (
			);
			runOnlyForDeploymentPostprocessing = 1;
		};
/* End PBXCopyFilesBuildPhase section */

/* Begin PBXFileReference section */
		8F97CF982A690D2A00C56F88 /* Ch04-2_ADT_SimpleLinkedList */ = {isa = PBXFileReference; explicitFileType = "compiled.mach-o.executable"; includeInIndex = 0; path = "Ch04-2_ADT_SimpleLinkedList"; sourceTree = BUILT_PRODUCTS_DIR; };
		8F97CF9B2A690D2A00C56F88 /* DLinkedListMain.c */ = {isa = PBXFileReference; lastKnownFileType = sourcecode.c.c; path = DLinkedListMain.c; sourceTree = "<group>"; };
		8FD282DB2A6A480300008388 /* Question04-2.c */ = {isa = PBXFileReference; lastKnownFileType = sourcecode.c.c; path = "Question04-2.c"; sourceTree = "<group>"; };
		8FD282DD2A6A4EEB00008388 /* DLinkedList.h */ = {isa = PBXFileReference; lastKnownFileType = sourcecode.c.h; path = DLinkedList.h; sourceTree = "<group>"; };
		8FD282DE2A6A532B00008388 /* DLinkedList.c */ = {isa = PBXFileReference; lastKnownFileType = sourcecode.c.c; path = DLinkedList.c; sourceTree = "<group>"; };
/* End PBXFileReference section */

/* Begin PBXFrameworksBuildPhase section */
		8F97CF952A690D2A00C56F88 /* Frameworks */ = {
			isa = PBXFrameworksBuildPhase;
			buildActionMask = 2147483647;
			files = (
			);
			runOnlyForDeploymentPostprocessing = 0;
		};
/* End PBXFrameworksBuildPhase section */

/* Begin PBXGroup section */
		8F97CF8F2A690D2A00C56F88 = {
			isa = PBXGroup;
			children = (
				8F97CF9A2A690D2A00C56F88 /* Ch04-2_ADT_SimpleLinkedList */,
				8F97CF992A690D2A00C56F88 /* Products */,
			);
			sourceTree = "<group>";
		};
		8F97CF992A690D2A00C56F88 /* Products */ = {
			isa = PBXGroup;
			children = (
				8F97CF982A690D2A00C56F88 /* Ch04-2_ADT_SimpleLinkedList */,
			);
			name = Products;
			sourceTree = "<group>";
		};
		8F97CF9A2A690D2A00C56F88 /* Ch04-2_ADT_SimpleLinkedList */ = {
			isa = PBXGroup;
			children = (
				8F97CF9B2A690D2A00C56F88 /* DLinkedListMain.c */,
				8FD282DB2A6A480300008388 /* Question04-2.c */,
				8FD282DD2A6A4EEB00008388 /* DLinkedList.h */,
				8FD282DE2A6A532B00008388 /* DLinkedList.c */,
			);
			path = "Ch04-2_ADT_SimpleLinkedList";
			sourceTree = "<group>";
		};
/* End PBXGroup section */

/* Begin PBXNativeTarget section */
		8F97CF972A690D2A00C56F88 /* Ch04-2_ADT_SimpleLinkedList */ = {
			isa = PBXNativeTarget;
			buildConfigurationList = 8F97CF9F2A690D2A00C56F88 /* Build configuration list for PBXNativeTarget "Ch04-2_ADT_SimpleLinkedList" */;
			buildPhases = (
				8F97CF942A690D2A00C56F88 /* Sources */,
				8F97CF952A690D2A00C56F88 /* Frameworks */,
				8F97CF962A690D2A00C56F88 /* CopyFiles */,
			);
			buildRules = (
			);
			dependencies = (
			);
			name = "Ch04-2_ADT_SimpleLinkedList";
			productName = "04-2_ADT_SimpleLinkedList";
			productReference = 8F97CF982A690D2A00C56F88 /* Ch04-2_ADT_SimpleLinkedList */;
			productType = "com.apple.product-type.tool";
		};
/* End PBXNativeTarget section */

/* Begin PBXProject section */
		8F97CF902A690D2A00C56F88 /* Project object */ = {
			isa = PBXProject;
			attributes = {
				BuildIndependentTargetsInParallel = 1;
				LastUpgradeCheck = 1430;
				TargetAttributes = {
					8F97CF972A690D2A00C56F88 = {
						CreatedOnToolsVersion = 14.3.1;
					};
				};
			};
			buildConfigurationList = 8F97CF932A690D2A00C56F88 /* Build configuration list for PBXProject "Ch04-2_ADT_SimpleLinkedList" */;
			compatibilityVersion = "Xcode 14.0";
			developmentRegion = en;
			hasScannedForEncodings = 0;
			knownRegions = (
				en,
				Base,
			);
			mainGroup = 8F97CF8F2A690D2A00C56F88;
			productRefGroup = 8F97CF992A690D2A00C56F88 /* Products */;
			projectDirPath = "";
			projectRoot = "";
			targets = (
				8F97CF972A690D2A00C56F88 /* Ch04-2_ADT_SimpleLinkedList */,
			);
		};
/* End PBXProject section */

/* Begin PBXSourcesBuildPhase section */
		8F97CF942A690D2A00C56F88 /* Sources */ = {
			isa = PBXSourcesBuildPhase;
			buildActionMask = 2147483647;
			files = (
				8FD282DF2A6A532B00008388 /* DLinkedList.c in Sources */,
				8F97CF9C2A690D2A00C56F88 /* DLinkedListMain.c in Sources */,
				8FD282DC2A6A480300008388 /* Question04-2.c in Sources */,
			);
			runOnlyForDeploymentPostprocessing = 0;
		};
/* End PBXSourcesBuildPhase section */

/* Begin XCBuildConfiguration section */
		8F97CF9D2A690D2A00C56F88 /* Debug */ = {
			isa = XCBuildConfiguration;
			buildSettings = {
				ALWAYS_SEARCH_USER_PATHS = NO;
				CLANG_ANALYZER_NONNULL = YES;
				CLANG_ANALYZER_NUMBER_OBJECT_CONVERSION = YES_AGGRESSIVE;
				CLANG_CXX_LANGUAGE_STANDARD = "gnu++20";
				CLANG_ENABLE_MODULES = YES;
				CLANG_ENABLE_OBJC_ARC = YES;
				CLANG_ENABLE_OBJC_WEAK = YES;
				CLANG_WARN_BLOCK_CAPTURE_AUTORELEASING = YES;
				CLANG_WARN_BOOL_CONVERSION = YES;
				CLANG_WARN_COMMA = YES;
				CLANG_WARN_CONSTANT_CONVERSION = YES;
				CLANG_WARN_DEPRECATED_OBJC_IMPLEMENTATIONS = YES;
				CLANG_WARN_DIRECT_OBJC_ISA_USAGE = YES_ERROR;
				CLANG_WARN_DOCUMENTATION_COMMENTS = YES;
				CLANG_WARN_EMPTY_BODY = YES;
				CLANG_WARN_ENUM_CONVERSION = YES;
				CLANG_WARN_INFINITE_RECURSION = YES;
				CLANG_WARN_INT_CONVERSION = YES;
				CLANG_WARN_NON_LITERAL_NULL_CONVERSION = YES;
				CLANG_WARN_OBJC_IMPLICIT_RETAIN_SELF = YES;
				CLANG_WARN_OBJC_LITERAL_CONVERSION = YES;
				CLANG_WARN_OBJC_ROOT_CLASS = YES_ERROR;
				CLANG_WARN_QUOTED_INCLUDE_IN_FRAMEWORK_HEADER = YES;
				CLANG_WARN_RANGE_LOOP_ANALYSIS = YES;
				CLANG_WARN_STRICT_PROTOTYPES = YES;
				CLANG_WARN_SUSPICIOUS_MOVE = YES;
				CLANG_WARN_UNGUARDED_AVAILABILITY = YES_AGGRESSIVE;
				CLANG_WARN_UNREACHABLE_CODE = YES;
				CLANG_WARN__DUPLICATE_METHOD_MATCH = YES;
				COPY_PHASE_STRIP = NO;
				DEBUG_INFORMATION_FORMAT = dwarf;
				ENABLE_STRICT_OBJC_MSGSEND = YES;
				ENABLE_TESTABILITY = YES;
				GCC_C_LANGUAGE_STANDARD = gnu11;
				GCC_DYNAMIC_NO_PIC = NO;
				GCC_NO_COMMON_BLOCKS = YES;
				GCC_OPTIMIZATION_LEVEL = 0;
				GCC_PREPROCESSOR_DEFINITIONS = (
					"DEBUG=1",
					"$(inherited)",
				);
				GCC_WARN_64_TO_32_BIT_CONVERSION = YES;
				GCC_WARN_ABOUT_RETURN_TYPE = YES_ERROR;
				GCC_WARN_UNDECLARED_SELECTOR = YES;
				GCC_WARN_UNINITIALIZED_AUTOS = YES_AGGRESSIVE;
				GCC_WARN_UNUSED_FUNCTION = YES;
				GCC_WARN_UNUSED_VARIABLE = YES;
				MACOSX_DEPLOYMENT_TARGET = 13.3;
				MTL_ENABLE_DEBUG_INFO = INCLUDE_SOURCE;
				MTL_FAST_MATH = YES;
				ONLY_ACTIVE_ARCH = YES;
				SDKROOT = macosx;
			};
			name = Debug;
		};
		8F97CF9E2A690D2A00C56F88 /* Release */ = {
			isa = XCBuildConfiguration;
			buildSettings = {
				ALWAYS_SEARCH_USER_PATHS = NO;
				CLANG_ANALYZER_NONNULL = YES;
				CLANG_ANALYZER_NUMBER_OBJECT_CONVERSION = YES_AGGRESSIVE;
				CLANG_CXX_LANGUAGE_STANDARD = "gnu++20";
				CLANG_ENABLE_MODULES = YES;
				CLANG_ENABLE_OBJC_ARC = YES;
				CLANG_ENABLE_OBJC_WEAK = YES;
				CLANG_WARN_BLOCK_CAPTURE_AUTORELEASING = YES;
				CLANG_WARN_BOOL_CONVERSION = YES;
				CLANG_WARN_COMMA = YES;
				CLANG_WARN_CONSTANT_CONVERSION = YES;
				CLANG_WARN_DEPRECATED_OBJC_IMPLEMENTATIONS = YES;
				CLANG_WARN_DIRECT_OBJC_ISA_USAGE = YES_ERROR;
				CLANG_WARN_DOCUMENTATION_COMMENTS = YES;
				CLANG_WARN_EMPTY_BODY = YES;
				CLANG_WARN_ENUM_CONVERSION = YES;
				CLANG_WARN_INFINITE_RECURSION = YES;
				CLANG_WARN_INT_CONVERSION = YES;
				CLANG_WARN_NON_LITERAL_NULL_CONVERSION = YES;
				CLANG_WARN_OBJC_IMPLICIT_RETAIN_SELF = YES;
				CLANG_WARN_OBJC_LITERAL_CONVERSION = YES;
				CLANG_WARN_OBJC_ROOT_CLASS = YES_ERROR;
				CLANG_WARN_QUOTED_INCLUDE_IN_FRAMEWORK_HEADER = YES;
				CLANG_WARN_RANGE_LOOP_ANALYSIS = YES;
				CLANG_WARN_STRICT_PROTOTYPES = YES;
				CLANG_WARN_SUSPICIOUS_MOVE = YES;
				CLANG_WARN_UNGUARDED_AVAILABILITY = YES_AGGRESSIVE;
				CLANG_WARN_UNREACHABLE_CODE = YES;
				CLANG_WARN__DUPLICATE_METHOD_MATCH = YES;
				COPY_PHASE_STRIP = NO;
				DEBUG_INFORMATION_FORMAT = "dwarf-with-dsym";
				ENABLE_NS_ASSERTIONS = NO;
				ENABLE_STRICT_OBJC_MSGSEND = YES;
				GCC_C_LANGUAGE_STANDARD = gnu11;
				GCC_NO_COMMON_BLOCKS = YES;
				GCC_WARN_64_TO_32_BIT_CONVERSION = YES;
				GCC_WARN_ABOUT_RETURN_TYPE = YES_ERROR;
				GCC_WARN_UNDECLARED_SELECTOR = YES;
				GCC_WARN_UNINITIALIZED_AUTOS = YES_AGGRESSIVE;
				GCC_WARN_UNUSED_FUNCTION = YES;
				GCC_WARN_UNUSED_VARIABLE = YES;
				MACOSX_DEPLOYMENT_TARGET = 13.3;
				MTL_ENABLE_DEBUG_INFO = NO;
				MTL_FAST_MATH = YES;
				SDKROOT = macosx;
			};
			name = Release;
		};
		8F97CFA02A690D2A00C56F88 /* Debug */ = {
			isa = XCBuildConfiguration;
			buildSettings = {
				CODE_SIGN_STYLE = Automatic;
				DEVELOPMENT_TEAM = L76YM8H685;
				ENABLE_HARDENED_RUNTIME = YES;
				PRODUCT_NAME = "$(TARGET_NAME)";
			};
			name = Debug;
		};
		8F97CFA12A690D2A00C56F88 /* Release */ = {
			isa = XCBuildConfiguration;
			buildSettings = {
				CODE_SIGN_STYLE = Automatic;
				DEVELOPMENT_TEAM = L76YM8H685;
				ENABLE_HARDENED_RUNTIME = YES;
				PRODUCT_NAME = "$(TARGET_NAME)";
			};
			name = Release;
		};
/* End XCBuildConfiguration section */

/* Begin XCConfigurationList section */
		8F97CF932A690D2A00C56F88 /* Build configuration list for PBXProject "Ch04-2_ADT_SimpleLinkedList" */ = {
			isa = XCConfigurationList;
			buildConfigurations = (
				8F97CF9D2A690D2A00C56F88 /* Debug */,
				8F97CF9E2A690D2A00C56F88 /* Release */,
			);
			defaultConfigurationIsVisible = 0;
			defaultConfigurationName = Release;
		};
		8F97CF9F2A690D2A00C56F88 /* Build configuration list for PBXNativeTarget "Ch04-2_ADT_SimpleLinkedList" */ = {
			isa = XCConfigurationList;
			buildConfigurations = (
				8F97CFA02A690D2A00C56F88 /* Debug */,
				8F97CFA12A690D2A00C56F88 /* Release */,
			);
			defaultConfigurationIsVisible = 0;
			defaultConfigurationName = Release;
		};
/* End XCConfigurationList section */
	};
	rootObject = 8F97CF902A690D2A00C56F88 /* Project object */;
}
